{
  "originHash" : "9c84ab3a16babd206c82e28084960f84d84e53fcee324288e1c2a3817cc22b17",
  "pins" : [
    {
      "identity" : "swift-collections",
      "kind" : "remoteSourceControl",
      "location" : "https://github.com/apple/swift-collections",
      "state" : {
        "revision" : "7b847a3b7008b2dc2f47ca3110d8c782fb2e5c7e",
        "version" : "1.3.0"
      }
    }
  ],
  "version" : 3
}
